
Microsoft Visual Studio Solution File, Format Version 12.00
# Visual Studio Version 16
VisualStudioVersion = 16.0.29709.97
MinimumVisualStudioVersion = 10.0.40219.1
Project("{FAE04EC0-301F-11D3-BF4B-00C04F79EFBC}") = "PaulCodeBlazor", "PaulCodeBlazor.csproj", "{AB78A56B-31BF-42DE-B41E-77F6CB325D7C}"
EndProject
Global
	GlobalSection(SolutionConfigurationPlatforms) = preSolution
		Debug|Any CPU = Debug|Any CPU
		Release|Any CPU = Release|Any CPU
	EndGlobalSection
	GlobalSection(ProjectConfigurationPlatforms) = postSolution
		{AB78A56B-31BF-42DE-B41E-77F6CB325D7C}.Debug|Any CPU.ActiveCfg = Debug|Any CPU
		{AB78A56B-31BF-42DE-B41E-77F6CB325D7C}.Debug|Any CPU.Build.0 = Debug|Any CPU
		{AB78A56B-31BF-42DE-B41E-77F6CB325D7C}.Release|Any CPU.ActiveCfg = Release|Any CPU
		{AB78A56B-31BF-42DE-B41E-77F6CB325D7C}.Release|Any CPU.Build.0 = Release|Any CPU
	EndGlobalSection
	GlobalSection(SolutionProperties) = preSolution
		HideSolutionNode = FALSE
	EndGlobalSection
	GlobalSection(ExtensibilityGlobals) = postSolution
		SolutionGuid = {05642F1E-30B2-45C8-829C-0B6D4F72FF77}
	EndGlobalSection
EndGlobal
